lockfileVersion: '6.0'

dependencies:
  remeda:
    specifier: ^1.26.0
    version: 1.26.0

devDependencies:
  typescript:
    specifier: ^5.2.2
    version: 5.2.2

packages:

  /remeda@1.26.0:
    resolution: {integrity: sha512-v+Qbi2krvXknCvG60gviLUSBJQPxXUVBAvi64m3Awoua3X+ygAmPYPrbFgqwPpiM1tBHNBVrHPBKtza7if+HyQ==}
    dev: false

  /typescript@5.2.2:
    resolution: {integrity: sha512-mI4WrpHsbCIcwT9cF4FZvr80QUeKvsUsUvKDoR+X/7XHQH98xYD8YHZg7ANtz2GtZt/CBq2QJ0thkGJMHfqc1w==}
    engines: {node: '>=14.17'}
    hasBin: true
    dev: true
